
Microsoft Visual Studio Solution File, Format Version 12.00
# Visual Studio Version 17
VisualStudioVersion = 17.4.33122.133
MinimumVisualStudioVersion = 10.0.40219.1
Project("{9A19103F-16F7-4668-BE54-9A1E7A4F7556}") = "CSharpOtf.Wpf", "CSharpOtf.Wpf\CSharpOtf.Wpf.csproj", "{DC70BE41-54E8-469E-A6CE-D58461E81EC5}"
EndProject
Project("{9A19103F-16F7-4668-BE54-9A1E7A4F7556}") = "CSharpOtf.Core", "CSharpOtf.Core\CSharpOtf.Core.csproj", "{14249125-814A-4C47-9DC5-41AB41B5E6B6}"
EndProject
Global
	GlobalSection(SolutionConfigurationPlatforms) = preSolution
		Debug|Any CPU = Debug|Any CPU
		Release|Any CPU = Release|Any CPU
	EndGlobalSection
	GlobalSection(ProjectConfigurationPlatforms) = postSolution
		{DC70BE41-54E8-469E-A6CE-D58461E81EC5}.Debug|Any CPU.ActiveCfg = Debug|Any CPU
		{DC70BE41-54E8-469E-A6CE-D58461E81EC5}.Debug|Any CPU.Build.0 = Debug|Any CPU
		{DC70BE41-54E8-469E-A6CE-D58461E81EC5}.Release|Any CPU.ActiveCfg = Release|Any CPU
		{DC70BE41-54E8-469E-A6CE-D58461E81EC5}.Release|Any CPU.Build.0 = Release|Any CPU
		{14249125-814A-4C47-9DC5-41AB41B5E6B6}.Debug|Any CPU.ActiveCfg = Debug|Any CPU
		{14249125-814A-4C47-9DC5-41AB41B5E6B6}.Debug|Any CPU.Build.0 = Debug|Any CPU
		{14249125-814A-4C47-9DC5-41AB41B5E6B6}.Release|Any CPU.ActiveCfg = Release|Any CPU
		{14249125-814A-4C47-9DC5-41AB41B5E6B6}.Release|Any CPU.Build.0 = Release|Any CPU
	EndGlobalSection
	GlobalSection(SolutionProperties) = preSolution
		HideSolutionNode = FALSE
	EndGlobalSection
	GlobalSection(ExtensibilityGlobals) = postSolution
		SolutionGuid = {3EE4913F-75F7-448C-B225-EFD6058BC83B}
	EndGlobalSection
EndGlobal
